// !$*UTF8*$!
{
	archiveVersion = 1;
	classes = {
	};
	objectVersion = 77;
	objects = {

/* Begin PBXBuildFile section */
		02BF2F832FB7422A00A0BD95 /* opencv2.framework in Frameworks */ = {isa = PBXBuildFile; fileRef = 02BF2F822FB7422A00A0BD95 /* opencv2.framework */; };
		02BF30932FB7A03A00A0BD95 /* templates in Resources */ = {isa = PBXBuildFile; fileRef = 02BF30922FB7A03A00A0BD95 /* templates */; };
		02BF309B2FB7A41F00A0BD95 /* ReplayKit.framework in Frameworks */ = {isa = PBXBuildFile; fileRef = 02BF309A2FB7A41F00A0BD95 /* ReplayKit.framework */; };
		02BF30A32FB7A41F00A0BD95 /* NakamonREC-ScreenCapture.appex in Embed Foundation Extensions */ = {isa = PBXBuildFile; fileRef = 02BF30982FB7A41F00A0BD95 /* NakamonREC-ScreenCapture.appex */; settings = {ATTRIBUTES = (RemoveHeadersOnCopy, ); }; };
		02BF30AB2FB7A9CD00A0BD95 /* opencv2.framework in Frameworks */ = {isa = PBXBuildFile; fileRef = 02BF2F822FB7422A00A0BD95 /* opencv2.framework */; };
		02E122C72FB8AB8200116A7A /* templates in Resources */ = {isa = PBXBuildFile; fileRef = 02BF30922FB7A03A00A0BD95 /* templates */; };
		02E122CE2FB91BE300116A7A /* WidgetKit.framework in Frameworks */ = {isa = PBXBuildFile; fileRef = 02E122CD2FB91BE300116A7A /* WidgetKit.framework */; };
		02E122D02FB91BE300116A7A /* SwiftUI.framework in Frameworks */ = {isa = PBXBuildFile; fileRef = 02E122CF2FB91BE300116A7A /* SwiftUI.framework */; };
		02E122E12FB91BE400116A7A /* NakamonREC-WidgetsExtension.appex in Embed Foundation Extensions */ = {isa = PBXBuildFile; fileRef = 02E122CC2FB91BE300116A7A /* NakamonREC-WidgetsExtension.appex */; settings = {ATTRIBUTES = (RemoveHeadersOnCopy, ); }; };
		02E122EE2FB92CBB00116A7A /* NakamonREC-Shared in Frameworks */ = {isa = PBXBuildFile; productRef = 02E122ED2FB92CBB00116A7A /* NakamonREC-Shared */; };
		02E122F02FB92CD400116A7A /* NakamonREC-Shared in Frameworks */ = {isa = PBXBuildFile; productRef = 02E122EF2FB92CD400116A7A /* NakamonREC-Shared */; };
		02E122F22FB92CD800116A7A /* NakamonREC-Shared in Frameworks */ = {isa = PBXBuildFile; productRef = 02E122F12FB92CD800116A7A /* NakamonREC-Shared */; };
/* End PBXBuildFile section */

/* Begin PBXContainerItemProxy section */
		02BF30A02FB7A41F00A0BD95 /* PBXContainerItemProxy */ = {
			isa = PBXContainerItemProxy;
			containerPortal = 02BF2F5C2FB60B8200A0BD95 /* Project object */;
			proxyType = 1;
			remoteGlobalIDString = 02BF30972FB7A41F00A0BD95;
			remoteInfo = "NakamonREC-ScreenCapture";
		};
		02E122DF2FB91BE400116A7A /* PBXContainerItemProxy */ = {
			isa = PBXContainerItemProxy;
			containerPortal = 02BF2F5C2FB60B8200A0BD95 /* Project object */;
			proxyType = 1;
			remoteGlobalIDString = 02E122CB2FB91BE300116A7A;
			remoteInfo = "NakamonREC-WidgetsExtension";
		};
/* End PBXContainerItemProxy section */

/* Begin PBXCopyFilesBuildPhase section */
		02BF30A22FB7A41F00A0BD95 /* Embed Foundation Extensions */ = {
			isa = PBXCopyFilesBuildPhase;
			buildActionMask = 2147483647;
			dstPath = "";
			dstSubfolderSpec = 13;
			files = (
				02BF30A32FB7A41F00A0BD95 /* NakamonREC-ScreenCapture.appex in Embed Foundation Extensions */,
				02E122E12FB91BE400116A7A /* NakamonREC-WidgetsExtension.appex in Embed Foundation Extensions */,
			);
			name = "Embed Foundation Extensions";
			runOnlyForDeploymentPostprocessing = 0;
		};
/* End PBXCopyFilesBuildPhase section */

/* Begin PBXFileReference section */
		02BF2F642FB60B8200A0BD95 /* NakamonREC-iOS.app */ = {isa = PBXFileReference; explicitFileType = wrapper.application; includeInIndex = 0; path = "NakamonREC-iOS.app"; sourceTree = BUILT_PRODUCTS_DIR; };
		02BF2F822FB7422A00A0BD95 /* opencv2.framework */ = {isa = PBXFileReference; lastKnownFileType = wrapper.framework; name = opencv2.framework; path = "/Users/0xbeef10af/Documents/NakamonRec/ios/NakamonREC-iOS/opencv2.framework"; sourceTree = "<absolute>"; };
		02BF30922FB7A03A00A0BD95 /* templates */ = {isa = PBXFileReference; lastKnownFileType = folder; name = templates; path = "NakamonREC-iOS/templates"; sourceTree = "<group>"; };
		02BF30982FB7A41F00A0BD95 /* NakamonREC-ScreenCapture.appex */ = {isa = PBXFileReference; explicitFileType = "wrapper.app-extension"; includeInIndex = 0; path = "NakamonREC-ScreenCapture.appex"; sourceTree = BUILT_PRODUCTS_DIR; };
		02BF309A2FB7A41F00A0BD95 /* ReplayKit.framework */ = {isa = PBXFileReference; lastKnownFileType = wrapper.framework; name = ReplayKit.framework; path = System/Library/Frameworks/ReplayKit.framework; sourceTree = SDKROOT; };
		02E122CC2FB91BE300116A7A /* NakamonREC-WidgetsExtension.appex */ = {isa = PBXFileReference; explicitFileType = "wrapper.app-extension"; includeInIndex = 0; path = "NakamonREC-WidgetsExtension.appex"; sourceTree = BUILT_PRODUCTS_DIR; };
		02E122CD2FB91BE300116A7A /* WidgetKit.framework */ = {isa = PBXFileReference; lastKnownFileType = wrapper.framework; name = WidgetKit.framework; path = System/Library/Frameworks/WidgetKit.framework; sourceTree = SDKROOT; };
		02E122CF2FB91BE300116A7A /* SwiftUI.framework */ = {isa = PBXFileReference; lastKnownFileType = wrapper.framework; name = SwiftUI.framework; path = System/Library/Frameworks/SwiftUI.framework; sourceTree = SDKROOT; };
		02E122E62FB91C7F00116A7A /* NakamonREC-WidgetsExtension.entitlements */ = {isa = PBXFileReference; lastKnownFileType = text.plist.entitlements; path = "NakamonREC-WidgetsExtension.entitlements"; sourceTree = "<group>"; };
		02E122EC2FB92BFB00116A7A /* NakamonREC-Shared */ = {isa = PBXFileReference; lastKnownFileType = wrapper; name = "NakamonREC-Shared"; path = "../NakamonREC-Shared"; sourceTree = SOURCE_ROOT; };
/* End PBXFileReference section */

/* Begin PBXFileSystemSynchronizedBuildFileExceptionSet section */
		02BF30A92FB7A99E00A0BD95 /* Exceptions for "NakamonREC-iOS" folder in "NakamonREC-ScreenCapture" target */ = {
			isa = PBXFileSystemSynchronizedBuildFileExceptionSet;
			membershipExceptions = (
				NakamonAnalyzerCore.cpp,
				NakamonWrapper.mm,
			);
			target = 02BF30972FB7A41F00A0BD95 /* NakamonREC-ScreenCapture */;
		};
		02BF30B42FB7E85000A0BD95 /* Exceptions for "NakamonREC-ScreenCapture" folder in "NakamonREC-ScreenCapture" target */ = {
			isa = PBXFileSystemSynchronizedBuildFileExceptionSet;
			membershipExceptions = (
				Info.plist,
			);
			target = 02BF30972FB7A41F00A0BD95 /* NakamonREC-ScreenCapture */;
		};
		02E122E22FB91BE400116A7A /* Exceptions for "NakamonREC-Widgets" folder in "NakamonREC-WidgetsExtension" target */ = {
			isa = PBXFileSystemSynchronizedBuildFileExceptionSet;
			membershipExceptions = (
				Info.plist,
			);
			target = 02E122CB2FB91BE300116A7A /* NakamonREC-WidgetsExtension */;
		};
		02E122F32FB92D9300116A7A /* Exceptions for "NakamonREC-iOS" folder in "NakamonREC-iOS" target */ = {
			isa = PBXFileSystemSynchronizedBuildFileExceptionSet;
			membershipExceptions = (
				NakamonRECActivityAttributes.swift,
			);
			target = 02BF2F632FB60B8200A0BD95 /* NakamonREC-iOS */;
		};
/* End PBXFileSystemSynchronizedBuildFileExceptionSet section */

/* Begin PBXFileSystemSynchronizedRootGroup section */
		02BF2F662FB60B8200A0BD95 /* NakamonREC-iOS */ = {
			isa = PBXFileSystemSynchronizedRootGroup;
			exceptions = (
				02E122F32FB92D9300116A7A /* Exceptions for "NakamonREC-iOS" folder in "NakamonREC-iOS" target */,
				02BF30A92FB7A99E00A0BD95 /* Exceptions for "NakamonREC-iOS" folder in "NakamonREC-ScreenCapture" target */,
			);
			path = "NakamonREC-iOS";
			sourceTree = "<group>";
		};
		02BF309C2FB7A41F00A0BD95 /* NakamonREC-ScreenCapture */ = {
			isa = PBXFileSystemSynchronizedRootGroup;
			exceptions = (
				02BF30B42FB7E85000A0BD95 /* Exceptions for "NakamonREC-ScreenCapture" folder in "NakamonREC-ScreenCapture" target */,
			);
			path = "NakamonREC-ScreenCapture";
			sourceTree = "<group>";
		};
		02E122D12FB91BE300116A7A /* NakamonREC-Widgets */ = {
			isa = PBXFileSystemSynchronizedRootGroup;
			exceptions = (
				02E122E22FB91BE400116A7A /* Exceptions for "NakamonREC-Widgets" folder in "NakamonREC-WidgetsExtension" target */,
			);
			path = "NakamonREC-Widgets";
			sourceTree = "<group>";
		};
/* End PBXFileSystemSynchronizedRootGroup section */

/* Begin PBXFrameworksBuildPhase section */
		02BF2F612FB60B8200A0BD95 /* Frameworks */ = {
			isa = PBXFrameworksBuildPhase;
			buildActionMask = 2147483647;
			files = (
				02E122EE2FB92CBB00116A7A /* NakamonREC-Shared in Frameworks */,
				02BF2F832FB7422A00A0BD95 /* opencv2.framework in Frameworks */,
			);
			runOnlyForDeploymentPostprocessing = 0;
		};
		02BF30952FB7A41F00A0BD95 /* Frameworks */ = {
			isa = PBXFrameworksBuildPhase;
			buildActionMask = 2147483647;
			files = (
				02BF30AB2FB7A9CD00A0BD95 /* opencv2.framework in Frameworks */,
				02E122F02FB92CD400116A7A /* NakamonREC-Shared in Frameworks */,
				02BF309B2FB7A41F00A0BD95 /* ReplayKit.framework in Frameworks */,
			);
			runOnlyForDeploymentPostprocessing = 0;
		};
		02E122C92FB91BE300116A7A /* Frameworks */ = {
			isa = PBXFrameworksBuildPhase;
			buildActionMask = 2147483647;
			files = (
				02E122D02FB91BE300116A7A /* SwiftUI.framework in Frameworks */,
				02E122F22FB92CD800116A7A /* NakamonREC-Shared in Frameworks */,
				02E122CE2FB91BE300116A7A /* WidgetKit.framework in Frameworks */,
			);
			runOnlyForDeploymentPostprocessing = 0;
		};
/* End PBXFrameworksBuildPhase section */

/* Begin PBXGroup section */
		02BF2F5B2FB60B8200A0BD95 = {
			isa = PBXGroup;
			children = (
				02E122EC2FB92BFB00116A7A /* NakamonREC-Shared */,
				02E122E62FB91C7F00116A7A /* NakamonREC-WidgetsExtension.entitlements */,
				02BF30922FB7A03A00A0BD95 /* templates */,
				02BF2F822FB7422A00A0BD95 /* opencv2.framework */,
				02BF2F662FB60B8200A0BD95 /* NakamonREC-iOS */,
				02BF309C2FB7A41F00A0BD95 /* NakamonREC-ScreenCapture */,
				02E122D12FB91BE300116A7A /* NakamonREC-Widgets */,
				02BF30992FB7A41F00A0BD95 /* Frameworks */,
				02BF2F652FB60B8200A0BD95 /* Products */,
			);
			sourceTree = "<group>";
		};
		02BF2F652FB60B8200A0BD95 /* Products */ = {
			isa = PBXGroup;
			children = (
				02BF2F642FB60B8200A0BD95 /* NakamonREC-iOS.app */,
				02BF30982FB7A41F00A0BD95 /* NakamonREC-ScreenCapture.appex */,
				02E122CC2FB91BE300116A7A /* NakamonREC-WidgetsExtension.appex */,
			);
			name = Products;
			sourceTree = "<group>";
		};
		02BF30992FB7A41F00A0BD95 /* Frameworks */ = {
			isa = PBXGroup;
			children = (
				02BF309A2FB7A41F00A0BD95 /* ReplayKit.framework */,
				02E122CD2FB91BE300116A7A /* WidgetKit.framework */,
				02E122CF2FB91BE300116A7A /* SwiftUI.framework */,
			);
			name = Frameworks;
			sourceTree = "<group>";
		};
/* End PBXGroup section */

/* Begin PBXNativeTarget section */
		02BF2F632FB60B8200A0BD95 /* NakamonREC-iOS */ = {
			isa = PBXNativeTarget;
			buildConfigurationList = 02BF2F6F2FB60B8300A0BD95 /* Build configuration list for PBXNativeTarget "NakamonREC-iOS" */;
			buildPhases = (
				02BF2F602FB60B8200A0BD95 /* Sources */,
				02BF2F612FB60B8200A0BD95 /* Frameworks */,
				02BF2F622FB60B8200A0BD95 /* Resources */,
				02BF30A22FB7A41F00A0BD95 /* Embed Foundation Extensions */,
			);
			buildRules = (
			);
			dependencies = (
				02BF30A12FB7A41F00A0BD95 /* PBXTargetDependency */,
				02E122E02FB91BE400116A7A /* PBXTargetDependency */,
			);
			fileSystemSynchronizedGroups = (
				02BF2F662FB60B8200A0BD95 /* NakamonREC-iOS */,
			);
			name = "NakamonREC-iOS";
			packageProductDependencies = (
				02E122ED2FB92CBB00116A7A /* NakamonREC-Shared */,
			);
			productName = "NakamonREC-iOS";
			productReference = 02BF2F642FB60B8200A0BD95 /* NakamonREC-iOS.app */;
			productType = "com.apple.product-type.application";
		};
		02BF30972FB7A41F00A0BD95 /* NakamonREC-ScreenCapture */ = {
			isa = PBXNativeTarget;
			buildConfigurationList = 02BF30A52FB7A41F00A0BD95 /* Build configuration list for PBXNativeTarget "NakamonREC-ScreenCapture" */;
			buildPhases = (
				02BF30942FB7A41F00A0BD95 /* Sources */,
				02BF30952FB7A41F00A0BD95 /* Frameworks */,
				02BF30962FB7A41F00A0BD95 /* Resources */,
			);
			buildRules = (
			);
			dependencies = (
			);
			fileSystemSynchronizedGroups = (
				02BF309C2FB7A41F00A0BD95 /* NakamonREC-ScreenCapture */,
			);
			name = "NakamonREC-ScreenCapture";
			packageProductDependencies = (
				02E122EF2FB92CD400116A7A /* NakamonREC-Shared */,
			);
			productName = "NakamonREC-ScreenCapture";
			productReference = 02BF30982FB7A41F00A0BD95 /* NakamonREC-ScreenCapture.appex */;
			productType = "com.apple.product-type.app-extension";
		};
		02E122CB2FB91BE300116A7A /* NakamonREC-WidgetsExtension */ = {
			isa = PBXNativeTarget;
			buildConfigurationList = 02E122E32FB91BE400116A7A /* Build configuration list for PBXNativeTarget "NakamonREC-WidgetsExtension" */;
			buildPhases = (
				02E122C82FB91BE300116A7A /* Sources */,
				02E122C92FB91BE300116A7A /* Frameworks */,
				02E122CA2FB91BE300116A7A /* Resources */,
			);
			buildRules = (
			);
			dependencies = (
			);
			fileSystemSynchronizedGroups = (
				02E122D12FB91BE300116A7A /* NakamonREC-Widgets */,
			);
			name = "NakamonREC-WidgetsExtension";
			packageProductDependencies = (
				02E122F12FB92CD800116A7A /* NakamonREC-Shared */,
			);
			productName = "NakamonREC-WidgetsExtension";
			productReference = 02E122CC2FB91BE300116A7A /* NakamonREC-WidgetsExtension.appex */;
			productType = "com.apple.product-type.app-extension";
		};
/* End PBXNativeTarget section */

/* Begin PBXProject section */
		02BF2F5C2FB60B8200A0BD95 /* Project object */ = {
			isa = PBXProject;
			attributes = {
				BuildIndependentTargetsInParallel = 1;
				LastSwiftUpdateCheck = 2650;
				LastUpgradeCheck = 2650;
				TargetAttributes = {
					02BF2F632FB60B8200A0BD95 = {
						CreatedOnToolsVersion = 26.5;
						LastSwiftMigration = 2650;
					};
					02BF30972FB7A41F00A0BD95 = {
						CreatedOnToolsVersion = 26.5;
					};
					02E122CB2FB91BE300116A7A = {
						CreatedOnToolsVersion = 26.5;
					};
				};
			};
			buildConfigurationList = 02BF2F5F2FB60B8200A0BD95 /* Build configuration list for PBXProject "NakamonREC-iOS" */;
			developmentRegion = en;
			hasScannedForEncodings = 0;
			knownRegions = (
				en,
				Base,
			);
			mainGroup = 02BF2F5B2FB60B8200A0BD95;
			minimizedProjectReferenceProxies = 1;
			preferredProjectObjectVersion = 77;
			productRefGroup = 02BF2F652FB60B8200A0BD95 /* Products */;
			projectDirPath = "";
			projectRoot = "";
			targets = (
				02BF2F632FB60B8200A0BD95 /* NakamonREC-iOS */,
				02BF30972FB7A41F00A0BD95 /* NakamonREC-ScreenCapture */,
				02E122CB2FB91BE300116A7A /* NakamonREC-WidgetsExtension */,
			);
		};
/* End PBXProject section */

/* Begin PBXResourcesBuildPhase section */
		02BF2F622FB60B8200A0BD95 /* Resources */ = {
			isa = PBXResourcesBuildPhase;
			buildActionMask = 2147483647;
			files = (
				02BF30932FB7A03A00A0BD95 /* templates in Resources */,
			);
			runOnlyForDeploymentPostprocessing = 0;
		};
		02BF30962FB7A41F00A0BD95 /* Resources */ = {
			isa = PBXResourcesBuildPhase;
			buildActionMask = 2147483647;
			files = (
				02E122C72FB8AB8200116A7A /* templates in Resources */,
			);
			runOnlyForDeploymentPostprocessing = 0;
		};
		02E122CA2FB91BE300116A7A /* Resources */ = {
			isa = PBXResourcesBuildPhase;
			buildActionMask = 2147483647;
			files = (
			);
			runOnlyForDeploymentPostprocessing = 0;
		};
/* End PBXResourcesBuildPhase section */

/* Begin PBXSourcesBuildPhase section */
		02BF2F602FB60B8200A0BD95 /* Sources */ = {
			isa = PBXSourcesBuildPhase;
			buildActionMask = 2147483647;
			files = (
			);
			runOnlyForDeploymentPostprocessing = 0;
		};
		02BF30942FB7A41F00A0BD95 /* Sources */ = {
			isa = PBXSourcesBuildPhase;
			buildActionMask = 2147483647;
			files = (
			);
			runOnlyForDeploymentPostprocessing = 0;
		};
		02E122C82FB91BE300116A7A /* Sources */ = {
			isa = PBXSourcesBuildPhase;
			buildActionMask = 2147483647;
			files = (
			);
			runOnlyForDeploymentPostprocessing = 0;
		};
/* End PBXSourcesBuildPhase section */

/* Begin PBXTargetDependency section */
		02BF30A12FB7A41F00A0BD95 /* PBXTargetDependency */ = {
			isa = PBXTargetDependency;
			target = 02BF30972FB7A41F00A0BD95 /* NakamonREC-ScreenCapture */;
			targetProxy = 02BF30A02FB7A41F00A0BD95 /* PBXContainerItemProxy */;
		};
		02E122E02FB91BE400116A7A /* PBXTargetDependency */ = {
			isa = PBXTargetDependency;
			target = 02E122CB2FB91BE300116A7A /* NakamonREC-WidgetsExtension */;
			targetProxy = 02E122DF2FB91BE400116A7A /* PBXContainerItemProxy */;
		};
/* End PBXTargetDependency section */

/* Begin XCBuildConfiguration section */
		02BF2F6D2FB60B8300A0BD95 /* Debug */ = {
			isa = XCBuildConfiguration;
			buildSettings = {
				ALWAYS_SEARCH_USER_PATHS = NO;
				ASSETCATALOG_COMPILER_GENERATE_SWIFT_ASSET_SYMBOL_EXTENSIONS = YES;
				CLANG_ANALYZER_NONNULL = YES;
				CLANG_ANALYZER_NUMBER_OBJECT_CONVERSION = YES_AGGRESSIVE;
				CLANG_CXX_LANGUAGE_STANDARD = "gnu++20";
				CLANG_ENABLE_MODULES = YES;
				CLANG_ENABLE_OBJC_ARC = YES;
				CLANG_ENABLE_OBJC_WEAK = YES;
				CLANG_WARN_BLOCK_CAPTURE_AUTORELEASING = YES;
				CLANG_WARN_BOOL_CONVERSION = YES;
				CLANG_WARN_COMMA = YES;
				CLANG_WARN_CONSTANT_CONVERSION = YES;
				CLANG_WARN_DEPRECATED_OBJC_IMPLEMENTATIONS = YES;
				CLANG_WARN_DIRECT_OBJC_ISA_USAGE = YES_ERROR;
				CLANG_WARN_DOCUMENTATION_COMMENTS = YES;
				CLANG_WARN_EMPTY_BODY = YES;
				CLANG_WARN_ENUM_CONVERSION = YES;
				CLANG_WARN_INFINITE_RECURSION = YES;
				CLANG_WARN_INT_CONVERSION = YES;
				CLANG_WARN_NON_LITERAL_NULL_CONVERSION = YES;
				CLANG_WARN_OBJC_IMPLICIT_RETAIN_SELF = YES;
				CLANG_WARN_OBJC_LITERAL_CONVERSION = YES;
				CLANG_WARN_OBJC_ROOT_CLASS = YES_ERROR;
				CLANG_WARN_QUOTED_INCLUDE_IN_FRAMEWORK_HEADER = YES;
				CLANG_WARN_RANGE_LOOP_ANALYSIS = YES;
				CLANG_WARN_STRICT_PROTOTYPES = YES;
				CLANG_WARN_SUSPICIOUS_MOVE = YES;
				CLANG_WARN_UNGUARDED_AVAILABILITY = YES_AGGRESSIVE;
				CLANG_WARN_UNREACHABLE_CODE = YES;
				CLANG_WARN__DUPLICATE_METHOD_MATCH = YES;
				COPY_PHASE_STRIP = NO;
				DEBUG_INFORMATION_FORMAT = dwarf;
				ENABLE_STRICT_OBJC_MSGSEND = YES;
				ENABLE_TESTABILITY = YES;
				ENABLE_USER_SCRIPT_SANDBOXING = YES;
				GCC_C_LANGUAGE_STANDARD = gnu17;
				GCC_DYNAMIC_NO_PIC = NO;
				GCC_NO_COMMON_BLOCKS = YES;
				GCC_OPTIMIZATION_LEVEL = 0;
				GCC_PREPROCESSOR_DEFINITIONS = (
					"DEBUG=1",
					"$(inherited)",
				);
				GCC_WARN_64_TO_32_BIT_CONVERSION = YES;
				GCC_WARN_ABOUT_RETURN_TYPE = YES_ERROR;
				GCC_WARN_UNDECLARED_SELECTOR = YES;
				GCC_WARN_UNINITIALIZED_AUTOS = YES_AGGRESSIVE;
				GCC_WARN_UNUSED_FUNCTION = YES;
				GCC_WARN_UNUSED_VARIABLE = YES;
				GENERATE_INFOPLIST_FILE = YES;
				GENERATE_PKGINFO_FILE = NO;
				IPHONEOS_DEPLOYMENT_TARGET = 26.5;
				LOCALIZATION_PREFERS_STRING_CATALOGS = YES;
				MTL_ENABLE_DEBUG_INFO = INCLUDE_SOURCE;
				MTL_FAST_MATH = YES;
				ONLY_ACTIVE_ARCH = YES;
				SDKROOT = iphoneos;
				SWIFT_ACTIVE_COMPILATION_CONDITIONS = "DEBUG $(inherited)";
				SWIFT_OPTIMIZATION_LEVEL = "-Onone";
			};
			name = Debug;
		};
		02BF2F6E2FB60B8300A0BD95 /* Release */ = {
			isa = XCBuildConfiguration;
			buildSettings = {
				ALWAYS_SEARCH_USER_PATHS = NO;
				ASSETCATALOG_COMPILER_GENERATE_SWIFT_ASSET_SYMBOL_EXTENSIONS = YES;
				CLANG_ANALYZER_NONNULL = YES;
				CLANG_ANALYZER_NUMBER_OBJECT_CONVERSION = YES_AGGRESSIVE;
				CLANG_CXX_LANGUAGE_STANDARD = "gnu++20";
				CLANG_ENABLE_MODULES = YES;
				CLANG_ENABLE_OBJC_ARC = YES;
				CLANG_ENABLE_OBJC_WEAK = YES;
				CLANG_WARN_BLOCK_CAPTURE_AUTORELEASING = YES;
				CLANG_WARN_BOOL_CONVERSION = YES;
				CLANG_WARN_COMMA = YES;
				CLANG_WARN_CONSTANT_CONVERSION = YES;
				CLANG_WARN_DEPRECATED_OBJC_IMPLEMENTATIONS = YES;
				CLANG_WARN_DIRECT_OBJC_ISA_USAGE = YES_ERROR;
				CLANG_WARN_DOCUMENTATION_COMMENTS = YES;
				CLANG_WARN_EMPTY_BODY = YES;
				CLANG_WARN_ENUM_CONVERSION = YES;
				CLANG_WARN_INFINITE_RECURSION = YES;
				CLANG_WARN_INT_CONVERSION = YES;
				CLANG_WARN_NON_LITERAL_NULL_CONVERSION = YES;
				CLANG_WARN_OBJC_IMPLICIT_RETAIN_SELF = YES;
				CLANG_WARN_OBJC_LITERAL_CONVERSION = YES;
				CLANG_WARN_OBJC_ROOT_CLASS = YES_ERROR;
				CLANG_WARN_QUOTED_INCLUDE_IN_FRAMEWORK_HEADER = YES;
				CLANG_WARN_RANGE_LOOP_ANALYSIS = YES;
				CLANG_WARN_STRICT_PROTOTYPES = YES;
				CLANG_WARN_SUSPICIOUS_MOVE = YES;
				CLANG_WARN_UNGUARDED_AVAILABILITY = YES_AGGRESSIVE;
				CLANG_WARN_UNREACHABLE_CODE = YES;
				CLANG_WARN__DUPLICATE_METHOD_MATCH = YES;
				COPY_PHASE_STRIP = NO;
				DEBUG_INFORMATION_FORMAT = "dwarf-with-dsym";
				ENABLE_NS_ASSERTIONS = NO;
				ENABLE_STRICT_OBJC_MSGSEND = YES;
				ENABLE_USER_SCRIPT_SANDBOXING = YES;
				GCC_C_LANGUAGE_STANDARD = gnu17;
				GCC_NO_COMMON_BLOCKS = YES;
				GCC_WARN_64_TO_32_BIT_CONVERSION = YES;
				GCC_WARN_ABOUT_RETURN_TYPE = YES_ERROR;
				GCC_WARN_UNDECLARED_SELECTOR = YES;
				GCC_WARN_UNINITIALIZED_AUTOS = YES_AGGRESSIVE;
				GCC_WARN_UNUSED_FUNCTION = YES;
				GCC_WARN_UNUSED_VARIABLE = YES;
				GENERATE_INFOPLIST_FILE = YES;
				GENERATE_PKGINFO_FILE = NO;
				IPHONEOS_DEPLOYMENT_TARGET = 26.5;
				LOCALIZATION_PREFERS_STRING_CATALOGS = YES;
				MTL_ENABLE_DEBUG_INFO = NO;
				MTL_FAST_MATH = YES;
				SDKROOT = iphoneos;
				SWIFT_COMPILATION_MODE = wholemodule;
				VALIDATE_PRODUCT = YES;
			};
			name = Release;
		};
		02BF2F702FB60B8300A0BD95 /* Debug */ = {
			isa = XCBuildConfiguration;
			buildSettings = {
				ASSETCATALOG_COMPILER_APPICON_NAME = AppIcon;
				ASSETCATALOG_COMPILER_GLOBAL_ACCENT_COLOR_NAME = AccentColor;
				CLANG_ENABLE_MODULES = YES;
				CODE_SIGN_ENTITLEMENTS = "NakamonREC-iOS/NakamonREC-iOS.entitlements";
				CODE_SIGN_STYLE = Automatic;
				CURRENT_PROJECT_VERSION = 17;
				DEVELOPMENT_TEAM = VAD44XWMR7;
				ENABLE_PREVIEWS = YES;
				FRAMEWORK_SEARCH_PATHS = "$(PROJECT_DIR)";
				GENERATE_INFOPLIST_FILE = YES;
				HEADER_SEARCH_PATHS = (
					"$(PROJECT_DIR)/../../shared_cpp",
					"$(PROJECT_DIR)/opencv2.framework/Headers",
				);
				INFOPLIST_KEY_ITSAppUsesNonExemptEncryption = NO;
				INFOPLIST_KEY_NSSupportsLiveActivities = YES;
				INFOPLIST_KEY_UIApplicationSceneManifest_Generation = YES;
				INFOPLIST_KEY_UIApplicationSupportsIndirectInputEvents = YES;
				INFOPLIST_KEY_UILaunchScreen_Generation = YES;
				INFOPLIST_KEY_UISupportedInterfaceOrientations_iPad = "UIInterfaceOrientationPortrait UIInterfaceOrientationPortraitUpsideDown UIInterfaceOrientationLandscapeLeft UIInterfaceOrientationLandscapeRight";
				INFOPLIST_KEY_UISupportedInterfaceOrientations_iPhone = "UIInterfaceOrientationPortrait UIInterfaceOrientationLandscapeLeft UIInterfaceOrientationLandscapeRight";
				IPHONEOS_DEPLOYMENT_TARGET = 26.0;
				LD_RUNPATH_SEARCH_PATHS = (
					"$(inherited)",
					"@executable_path/Frameworks",
				);
				MARKETING_VERSION = 26.8.2;
				PRODUCT_BUNDLE_IDENTIFIER = "com.android.NakamonREC-iOS";
				PRODUCT_NAME = "$(TARGET_NAME)";
				STRING_CATALOG_GENERATE_SYMBOLS = YES;
				SUPPORTED_PLATFORMS = "iphoneos iphonesimulator";
				SUPPORTS_MACCATALYST = NO;
				SUPPORTS_MAC_DESIGNED_FOR_IPHONE_IPAD = NO;
				SUPPORTS_XR_DESIGNED_FOR_IPHONE_IPAD = NO;
				SWIFT_APPROACHABLE_CONCURRENCY = YES;
				SWIFT_DEFAULT_ACTOR_ISOLATION = MainActor;
				SWIFT_EMIT_LOC_STRINGS = YES;
				SWIFT_OBJC_BRIDGING_HEADER = "NakamonREC-iOS/NakamonREC-iOS-Bridging-Header.h";
				SWIFT_OPTIMIZATION_LEVEL = "-Onone";
				SWIFT_UPCOMING_FEATURE_MEMBER_IMPORT_VISIBILITY = YES;
				SWIFT_VERSION = 5.0;
				TARGETED_DEVICE_FAMILY = 1;
			};
			name = Debug;
		};
		02BF2F712FB60B8300A0BD95 /* Release */ = {
			isa = XCBuildConfiguration;
			buildSettings = {
				ASSETCATALOG_COMPILER_APPICON_NAME = AppIcon;
				ASSETCATALOG_COMPILER_GLOBAL_ACCENT_COLOR_NAME = AccentColor;
				CLANG_ENABLE_MODULES = YES;
				CODE_SIGN_ENTITLEMENTS = "NakamonREC-iOS/NakamonREC-iOS.entitlements";
				CODE_SIGN_STYLE = Automatic;
				CURRENT_PROJECT_VERSION = 17;
				DEVELOPMENT_TEAM = VAD44XWMR7;
				ENABLE_PREVIEWS = YES;
				FRAMEWORK_SEARCH_PATHS = "$(PROJECT_DIR)";
				GENERATE_INFOPLIST_FILE = YES;
				HEADER_SEARCH_PATHS = (
					"$(PROJECT_DIR)/../../shared_cpp",
					"$(PROJECT_DIR)/opencv2.framework/Headers",
				);
				INFOPLIST_KEY_ITSAppUsesNonExemptEncryption = NO;
				INFOPLIST_KEY_NSSupportsLiveActivities = YES;
				INFOPLIST_KEY_UIApplicationSceneManifest_Generation = YES;
				INFOPLIST_KEY_UIApplicationSupportsIndirectInputEvents = YES;
				INFOPLIST_KEY_UILaunchScreen_Generation = YES;
				INFOPLIST_KEY_UISupportedInterfaceOrientations_iPad = "UIInterfaceOrientationPortrait UIInterfaceOrientationPortraitUpsideDown UIInterfaceOrientationLandscapeLeft UIInterfaceOrientationLandscapeRight";
				INFOPLIST_KEY_UISupportedInterfaceOrientations_iPhone = "UIInterfaceOrientationPortrait UIInterfaceOrientationLandscapeLeft UIInterfaceOrientationLandscapeRight";
				IPHONEOS_DEPLOYMENT_TARGET = 26.0;
				LD_RUNPATH_SEARCH_PATHS = (
					"$(inherited)",
					"@executable_path/Frameworks",
				);
				MARKETING_VERSION = 26.8.2;
				PRODUCT_BUNDLE_IDENTIFIER = "com.android.NakamonREC-iOS";
				PRODUCT_NAME = "$(TARGET_NAME)";
				STRING_CATALOG_GENERATE_SYMBOLS = YES;
				SUPPORTED_PLATFORMS = "iphoneos iphonesimulator";
				SUPPORTS_MACCATALYST = NO;
				SUPPORTS_MAC_DESIGNED_FOR_IPHONE_IPAD = NO;
				SUPPORTS_XR_DESIGNED_FOR_IPHONE_IPAD = NO;
				SWIFT_APPROACHABLE_CONCURRENCY = YES;
				SWIFT_DEFAULT_ACTOR_ISOLATION = MainActor;
				SWIFT_EMIT_LOC_STRINGS = YES;
				SWIFT_OBJC_BRIDGING_HEADER = "NakamonREC-iOS/NakamonREC-iOS-Bridging-Header.h";
				SWIFT_UPCOMING_FEATURE_MEMBER_IMPORT_VISIBILITY = YES;
				SWIFT_VERSION = 5.0;
				TARGETED_DEVICE_FAMILY = 1;
			};
			name = Release;
		};
		02BF30A62FB7A41F00A0BD95 /* Debug */ = {
			isa = XCBuildConfiguration;
			buildSettings = {
				CODE_SIGN_ENTITLEMENTS = "NakamonREC-ScreenCapture/NakamonREC-ScreenCapture.entitlements";
				CODE_SIGN_STYLE = Automatic;
				CURRENT_PROJECT_VERSION = 17;
				DEVELOPMENT_TEAM = VAD44XWMR7;
				FRAMEWORK_SEARCH_PATHS = (
					"$(inherited)",
					"$(PROJECT_DIR)",
				);
				GENERATE_INFOPLIST_FILE = YES;
				GENERATE_PKGINFO_FILE = NO;
				INFOPLIST_FILE = "NakamonREC-ScreenCapture/Info.plist";
				INFOPLIST_KEY_CFBundleDisplayName = NakamonREC;
				INFOPLIST_KEY_NSHumanReadableCopyright = "";
				IPHONEOS_DEPLOYMENT_TARGET = 26.0;
				LD_RUNPATH_SEARCH_PATHS = (
					"$(inherited)",
					"@executable_path/Frameworks",
					"@executable_path/../../Frameworks",
				);
				MARKETING_VERSION = 26.8.2;
				PRODUCT_BUNDLE_IDENTIFIER = "com.android.NakamonREC-iOS.NakamonREC-ScreenCapture";
				PRODUCT_NAME = "$(TARGET_NAME)";
				SKIP_INSTALL = YES;
				STRING_CATALOG_GENERATE_SYMBOLS = YES;
				SWIFT_APPROACHABLE_CONCURRENCY = YES;
				SWIFT_EMIT_LOC_STRINGS = YES;
				SWIFT_OBJC_BRIDGING_HEADER = "NakamonREC-ScreenCapture/ScreenCapture-Bridging-Header.h";
				SWIFT_UPCOMING_FEATURE_MEMBER_IMPORT_VISIBILITY = YES;
				SWIFT_VERSION = 5.0;
				TARGETED_DEVICE_FAMILY = "1,2";
			};
			name = Debug;
		};
		02BF30A72FB7A41F00A0BD95 /* Release */ = {
			isa = XCBuildConfiguration;
			buildSettings = {
				CODE_SIGN_ENTITLEMENTS = "NakamonREC-ScreenCapture/NakamonREC-ScreenCapture.entitlements";
				CODE_SIGN_STYLE = Automatic;
				CURRENT_PROJECT_VERSION = 17;
				DEVELOPMENT_TEAM = VAD44XWMR7;
				FRAMEWORK_SEARCH_PATHS = (
					"$(inherited)",
					"$(PROJECT_DIR)",
				);
				GENERATE_INFOPLIST_FILE = YES;
				GENERATE_PKGINFO_FILE = NO;
				INFOPLIST_FILE = "NakamonREC-ScreenCapture/Info.plist";
				INFOPLIST_KEY_CFBundleDisplayName = NakamonREC;
				INFOPLIST_KEY_NSHumanReadableCopyright = "";
				IPHONEOS_DEPLOYMENT_TARGET = 26.0;
				LD_RUNPATH_SEARCH_PATHS = (
					"$(inherited)",
					"@executable_path/Frameworks",
					"@executable_path/../../Frameworks",
				);
				MARKETING_VERSION = 26.8.2;
				PRODUCT_BUNDLE_IDENTIFIER = "com.android.NakamonREC-iOS.NakamonREC-ScreenCapture";
				PRODUCT_NAME = "$(TARGET_NAME)";
				SKIP_INSTALL = YES;
				STRING_CATALOG_GENERATE_SYMBOLS = YES;
				SWIFT_APPROACHABLE_CONCURRENCY = YES;
				SWIFT_EMIT_LOC_STRINGS = YES;
				SWIFT_OBJC_BRIDGING_HEADER = "NakamonREC-ScreenCapture/ScreenCapture-Bridging-Header.h";
				SWIFT_UPCOMING_FEATURE_MEMBER_IMPORT_VISIBILITY = YES;
				SWIFT_VERSION = 5.0;
				TARGETED_DEVICE_FAMILY = "1,2";
			};
			name = Release;
		};
		02E122E42FB91BE400116A7A /* Debug */ = {
			isa = XCBuildConfiguration;
			buildSettings = {
				ASSETCATALOG_COMPILER_GLOBAL_ACCENT_COLOR_NAME = AccentColor;
				ASSETCATALOG_COMPILER_WIDGET_BACKGROUND_COLOR_NAME = WidgetBackground;
				CODE_SIGN_ENTITLEMENTS = "NakamonREC-WidgetsExtension.entitlements";
				CODE_SIGN_STYLE = Automatic;
				CURRENT_PROJECT_VERSION = 17;
				DEVELOPMENT_TEAM = VAD44XWMR7;
				GENERATE_INFOPLIST_FILE = YES;
				INFOPLIST_FILE = "NakamonREC-Widgets/Info.plist";
				INFOPLIST_KEY_CFBundleDisplayName = "NakamonREC-Widgets";
				INFOPLIST_KEY_NSHumanReadableCopyright = "";
				LD_RUNPATH_SEARCH_PATHS = (
					"$(inherited)",
					"@executable_path/Frameworks",
					"@executable_path/../../Frameworks",
				);
				MARKETING_VERSION = 26.8.2;
				PRODUCT_BUNDLE_IDENTIFIER = "com.android.NakamonREC-iOS.NakamonREC-Widgets";
				PRODUCT_NAME = "$(TARGET_NAME)";
				SKIP_INSTALL = YES;
				STRING_CATALOG_GENERATE_SYMBOLS = YES;
				SWIFT_APPROACHABLE_CONCURRENCY = YES;
				SWIFT_EMIT_LOC_STRINGS = YES;
				SWIFT_UPCOMING_FEATURE_MEMBER_IMPORT_VISIBILITY = YES;
				SWIFT_VERSION = 5.0;
				TARGETED_DEVICE_FAMILY = "1,2";
			};
			name = Debug;
		};
		02E122E52FB91BE400116A7A /* Release */ = {
			isa = XCBuildConfiguration;
			buildSettings = {
				ASSETCATALOG_COMPILER_GLOBAL_ACCENT_COLOR_NAME = AccentColor;
				ASSETCATALOG_COMPILER_WIDGET_BACKGROUND_COLOR_NAME = WidgetBackground;
				CODE_SIGN_ENTITLEMENTS = "NakamonREC-WidgetsExtension.entitlements";
				CODE_SIGN_STYLE = Automatic;
				CURRENT_PROJECT_VERSION = 17;
				DEVELOPMENT_TEAM = VAD44XWMR7;
				GENERATE_INFOPLIST_FILE = YES;
				INFOPLIST_FILE = "NakamonREC-Widgets/Info.plist";
				INFOPLIST_KEY_CFBundleDisplayName = "NakamonREC-Widgets";
				INFOPLIST_KEY_NSHumanReadableCopyright = "";
				LD_RUNPATH_SEARCH_PATHS = (
					"$(inherited)",
					"@executable_path/Frameworks",
					"@executable_path/../../Frameworks",
				);
				MARKETING_VERSION = 26.8.2;
				PRODUCT_BUNDLE_IDENTIFIER = "com.android.NakamonREC-iOS.NakamonREC-Widgets";
				PRODUCT_NAME = "$(TARGET_NAME)";
				SKIP_INSTALL = YES;
				STRING_CATALOG_GENERATE_SYMBOLS = YES;
				SWIFT_APPROACHABLE_CONCURRENCY = YES;
				SWIFT_EMIT_LOC_STRINGS = YES;
				SWIFT_UPCOMING_FEATURE_MEMBER_IMPORT_VISIBILITY = YES;
				SWIFT_VERSION = 5.0;
				TARGETED_DEVICE_FAMILY = "1,2";
			};
			name = Release;
		};
/* End XCBuildConfiguration section */

/* Begin XCConfigurationList section */
		02BF2F5F2FB60B8200A0BD95 /* Build configuration list for PBXProject "NakamonREC-iOS" */ = {
			isa = XCConfigurationList;
			buildConfigurations = (
				02BF2F6D2FB60B8300A0BD95 /* Debug */,
				02BF2F6E2FB60B8300A0BD95 /* Release */,
			);
			defaultConfigurationIsVisible = 0;
			defaultConfigurationName = Release;
		};
		02BF2F6F2FB60B8300A0BD95 /* Build configuration list for PBXNativeTarget "NakamonREC-iOS" */ = {
			isa = XCConfigurationList;
			buildConfigurations = (
				02BF2F702FB60B8300A0BD95 /* Debug */,
				02BF2F712FB60B8300A0BD95 /* Release */,
			);
			defaultConfigurationIsVisible = 0;
			defaultConfigurationName = Release;
		};
		02BF30A52FB7A41F00A0BD95 /* Build configuration list for PBXNativeTarget "NakamonREC-ScreenCapture" */ = {
			isa = XCConfigurationList;
			buildConfigurations = (
				02BF30A62FB7A41F00A0BD95 /* Debug */,
				02BF30A72FB7A41F00A0BD95 /* Release */,
			);
			defaultConfigurationIsVisible = 0;
			defaultConfigurationName = Release;
		};
		02E122E32FB91BE400116A7A /* Build configuration list for PBXNativeTarget "NakamonREC-WidgetsExtension" */ = {
			isa = XCConfigurationList;
			buildConfigurations = (
				02E122E42FB91BE400116A7A /* Debug */,
				02E122E52FB91BE400116A7A /* Release */,
			);
			defaultConfigurationIsVisible = 0;
			defaultConfigurationName = Release;
		};
/* End XCConfigurationList section */

/* Begin XCSwiftPackageProductDependency section */
		02E122ED2FB92CBB00116A7A /* NakamonREC-Shared */ = {
			isa = XCSwiftPackageProductDependency;
			productName = "NakamonREC-Shared";
		};
		02E122EF2FB92CD400116A7A /* NakamonREC-Shared */ = {
			isa = XCSwiftPackageProductDependency;
			productName = "NakamonREC-Shared";
		};
		02E122F12FB92CD800116A7A /* NakamonREC-Shared */ = {
			isa = XCSwiftPackageProductDependency;
			productName = "NakamonREC-Shared";
		};
/* End XCSwiftPackageProductDependency section */
	};
	rootObject = 02BF2F5C2FB60B8200A0BD95 /* Project object */;
}
